// !$*UTF8*$!
{
	archiveVersion = 1;
	classes = {
	};
	objectVersion = 56;
	objects = {

/* Begin PBXBuildFile section */
		8D098D872C3D3D6000D2B70A /* FeatureFlagsWithHash.swift in Sources */ = {isa = PBXBuildFile; fileRef = 8D098D842C3D3D6000D2B70A /* FeatureFlagsWithHash.swift */; };
		8D098D882C3D3D6000D2B70A /* SDKFeatureFlag.swift in Sources */ = {isa = PBXBuildFile; fileRef = 8D098D852C3D3D6000D2B70A /* SDKFeatureFlag.swift */; };
		8D098D892C3D3D6000D2B70A /* FeatureFlagsEnum.swift in Sources */ = {isa = PBXBuildFile; fileRef = 8D098D862C3D3D6000D2B70A /* FeatureFlagsEnum.swift */; };
		8D098DA02C3D3D8100D2B70A /* CryptService.swift in Sources */ = {isa = PBXBuildFile; fileRef = 8D098D8A2C3D3D8100D2B70A /* CryptService.swift */; };
		8D098DA12C3D3D8100D2B70A /* FeatureTogglesRepository.swift in Sources */ = {isa = PBXBuildFile; fileRef = 8D098D8C2C3D3D8100D2B70A /* FeatureTogglesRepository.swift */; };
		8D098DA22C3D3D8100D2B70A /* FeatureTogglesRepositoryImpl.swift in Sources */ = {isa = PBXBuildFile; fileRef = 8D098D8D2C3D3D8100D2B70A /* FeatureTogglesRepositoryImpl.swift */; };
		8D098DA32C3D3D8100D2B70A /* KeychainSwift.swift in Sources */ = {isa = PBXBuildFile; fileRef = 8D098D8F2C3D3D8100D2B70A /* KeychainSwift.swift */; };
		8D098DA42C3D3D8100D2B70A /* KeychainSwiftAccessOptions.swift in Sources */ = {isa = PBXBuildFile; fileRef = 8D098D902C3D3D8100D2B70A /* KeychainSwiftAccessOptions.swift */; };
		8D098DA52C3D3D8100D2B70A /* KeychainSwiftConstants.swift in Sources */ = {isa = PBXBuildFile; fileRef = 8D098D912C3D3D8100D2B70A /* KeychainSwiftConstants.swift */; };
		8D098DA62C3D3D8100D2B70A /* KeychainService.swift in Sources */ = {isa = PBXBuildFile; fileRef = 8D098D932C3D3D8100D2B70A /* KeychainService.swift */; };
		8D098DA72C3D3D8100D2B70A /* FeatureTogglesLoggingService.swift in Sources */ = {isa = PBXBuildFile; fileRef = 8D098D952C3D3D8100D2B70A /* FeatureTogglesLoggingService.swift */; };
		8D098DA82C3D3D8100D2B70A /* FeatureFlagService.swift in Sources */ = {isa = PBXBuildFile; fileRef = 8D098D972C3D3D8100D2B70A /* FeatureFlagService.swift */; };
		8D098DA92C3D3D8100D2B70A /* FeatureFlagServiceImpl.swift in Sources */ = {isa = PBXBuildFile; fileRef = 8D098D982C3D3D8100D2B70A /* FeatureFlagServiceImpl.swift */; };
		8D098DAA2C3D3D8100D2B70A /* InMemoryStorage.swift in Sources */ = {isa = PBXBuildFile; fileRef = 8D098D9A2C3D3D8100D2B70A /* InMemoryStorage.swift */; };
		8D098DAB2C3D3D8100D2B70A /* UserDefaultsStorage.swift in Sources */ = {isa = PBXBuildFile; fileRef = 8D098D9B2C3D3D8100D2B70A /* UserDefaultsStorage.swift */; };
		8D098DAC2C3D3D8100D2B70A /* FeatureTogglesStorage.swift in Sources */ = {isa = PBXBuildFile; fileRef = 8D098D9D2C3D3D8100D2B70A /* FeatureTogglesStorage.swift */; };
		8D098DFC2C3D3E3B00D2B70A /* NSNotification.swift in Sources */ = {isa = PBXBuildFile; fileRef = 8D098DB22C3D3E3B00D2B70A /* NSNotification.swift */; };
		8D098E032C3D3E3B00D2B70A /* URLSessionConfiguration.swift in Sources */ = {isa = PBXBuildFile; fileRef = 8D098DB92C3D3E3B00D2B70A /* URLSessionConfiguration.swift */; };
		8D098E062C3D3E3B00D2B70A /* RequestModel.swift in Sources */ = {isa = PBXBuildFile; fileRef = 8D098DBF2C3D3E3B00D2B70A /* RequestModel.swift */; };
		8D098E082C3D3E3B00D2B70A /* RequestBroadcast.swift in Sources */ = {isa = PBXBuildFile; fileRef = 8D098DC22C3D3E3B00D2B70A /* RequestBroadcast.swift */; };
		8D098E092C3D3E3B00D2B70A /* RequestObservable.swift in Sources */ = {isa = PBXBuildFile; fileRef = 8D098DC32C3D3E3B00D2B70A /* RequestObservable.swift */; };
		8D098E0A2C3D3E3B00D2B70A /* RequestStorage.swift in Sources */ = {isa = PBXBuildFile; fileRef = 8D098DC42C3D3E3B00D2B70A /* RequestStorage.swift */; };
		8D098E0B2C3D3E3B00D2B70A /* PersistHelper.swift in Sources */ = {isa = PBXBuildFile; fileRef = 8D098DC62C3D3E3B00D2B70A /* PersistHelper.swift */; };
		8D098E0E2C3D3E3B00D2B70A /* InterceptorModfierProtocol.swift in Sources */ = {isa = PBXBuildFile; fileRef = 8D098DCA2C3D3E3B00D2B70A /* InterceptorModfierProtocol.swift */; };
		8D098E0F2C3D3E3B00D2B70A /* RequestEvaluatorModifierEndpoint.swift in Sources */ = {isa = PBXBuildFile; fileRef = 8D098DCB2C3D3E3B00D2B70A /* RequestEvaluatorModifierEndpoint.swift */; };
		8D098E102C3D3E3B00D2B70A /* RequestEvaluatorModifierHeader.swift in Sources */ = {isa = PBXBuildFile; fileRef = 8D098DCC2C3D3E3B00D2B70A /* RequestEvaluatorModifierHeader.swift */; };
		8D098E112C3D3E3B00D2B70A /* RequestEvaluatorModifierResponse.swift in Sources */ = {isa = PBXBuildFile; fileRef = 8D098DCD2C3D3E3B00D2B70A /* RequestEvaluatorModifierResponse.swift */; };
		8D098E232C3D3E3B00D2B70A /* NetworkIgnore.swift in Sources */ = {isa = PBXBuildFile; fileRef = 8D098DE42C3D3E3B00D2B70A /* NetworkIgnore.swift */; };
		8D098E242C3D3E3B00D2B70A /* NetworkInterceptorUrlProtocol.swift in Sources */ = {isa = PBXBuildFile; fileRef = 8D098DE52C3D3E3B00D2B70A /* NetworkInterceptorUrlProtocol.swift */; };
		8D098E262C3D3E3B00D2B70A /* NetworkListenerUrlProtocol.swift in Sources */ = {isa = PBXBuildFile; fileRef = 8D098DE72C3D3E3B00D2B70A /* NetworkListenerUrlProtocol.swift */; };
		8D098E2C2C3D3E3B00D2B70A /* ThreadSafe.swift in Sources */ = {isa = PBXBuildFile; fileRef = 8D098DEE2C3D3E3B00D2B70A /* ThreadSafe.swift */; };
		8D098E2F2C3D3E3B00D2B70A /* InterceptorService.swift in Sources */ = {isa = PBXBuildFile; fileRef = 8D098DF22C3D3E3B00D2B70A /* InterceptorService.swift */; };
		8D098E302C3D3E3B00D2B70A /* NetworkInterceptor.swift in Sources */ = {isa = PBXBuildFile; fileRef = 8D098DF32C3D3E3B00D2B70A /* NetworkInterceptor.swift */; };
		8D098E312C3D3E3B00D2B70A /* NetworkInterceptorConfig.swift in Sources */ = {isa = PBXBuildFile; fileRef = 8D098DF42C3D3E3B00D2B70A /* NetworkInterceptorConfig.swift */; };
		8D098E322C3D3E3B00D2B70A /* NetworkRequestInterceptor.swift in Sources */ = {isa = PBXBuildFile; fileRef = 8D098DF52C3D3E3B00D2B70A /* NetworkRequestInterceptor.swift */; };
		8D098E352C3E59B300D2B70A /* URLRequest.swift in Sources */ = {isa = PBXBuildFile; fileRef = 8D098E342C3E59B300D2B70A /* URLRequest.swift */; };
		8D3E0A192A80DD1F00715496 /* Data.swift in Sources */ = {isa = PBXBuildFile; fileRef = 8D3E0A182A80DD1F00715496 /* Data.swift */; };
		8D3E0A1B2A80F05A00715496 /* String.swift in Sources */ = {isa = PBXBuildFile; fileRef = 8D3E0A1A2A80F05A00715496 /* String.swift */; };
		8D99191C2C449B1E00A51408 /* AuthenticationChallengeSender.swift in Sources */ = {isa = PBXBuildFile; fileRef = 8D99191B2C449B1E00A51408 /* AuthenticationChallengeSender.swift */; };
		8D9DC5402A56A57100593A30 /* FeatureToggles.h in Headers */ = {isa = PBXBuildFile; fileRef = 8D9DC5322A56A57100593A30 /* FeatureToggles.h */; settings = {ATTRIBUTES = (Public, ); }; };
		8D9DC54C2A56AADA00593A30 /* FeatureTogglesSDK.swift in Sources */ = {isa = PBXBuildFile; fileRef = 8D9DC54B2A56AADA00593A30 /* FeatureTogglesSDK.swift */; };
		8DBF36952C3FEBA6002928FC /* InterceptorURLSessionDelegate.swift in Sources */ = {isa = PBXBuildFile; fileRef = 8DBF36942C3FEBA6002928FC /* InterceptorURLSessionDelegate.swift */; };
		8DBF36A62C4000FE002928FC /* WeakInterceptorURLSessionDelegate.swift in Sources */ = {isa = PBXBuildFile; fileRef = 8DBF36A52C4000FE002928FC /* WeakInterceptorURLSessionDelegate.swift */; };
		8DBF36AA2C40269B002928FC /* InterceptorURLSessionDelegatesArray.swift in Sources */ = {isa = PBXBuildFile; fileRef = 8DBF36A92C40269B002928FC /* InterceptorURLSessionDelegatesArray.swift */; };
/* End PBXBuildFile section */

/* Begin PBXFileReference section */
		8D098D842C3D3D6000D2B70A /* FeatureFlagsWithHash.swift */ = {isa = PBXFileReference; fileEncoding = 4; lastKnownFileType = sourcecode.swift; path = FeatureFlagsWithHash.swift; sourceTree = "<group>"; };
		8D098D852C3D3D6000D2B70A /* SDKFeatureFlag.swift */ = {isa = PBXFileReference; fileEncoding = 4; lastKnownFileType = sourcecode.swift; path = SDKFeatureFlag.swift; sourceTree = "<group>"; };
		8D098D862C3D3D6000D2B70A /* FeatureFlagsEnum.swift */ = {isa = PBXFileReference; fileEncoding = 4; lastKnownFileType = sourcecode.swift; path = FeatureFlagsEnum.swift; sourceTree = "<group>"; };
		8D098D8A2C3D3D8100D2B70A /* CryptService.swift */ = {isa = PBXFileReference; fileEncoding = 4; lastKnownFileType = sourcecode.swift; path = CryptService.swift; sourceTree = "<group>"; };
		8D098D8C2C3D3D8100D2B70A /* FeatureTogglesRepository.swift */ = {isa = PBXFileReference; fileEncoding = 4; lastKnownFileType = sourcecode.swift; path = FeatureTogglesRepository.swift; sourceTree = "<group>"; };
		8D098D8D2C3D3D8100D2B70A /* FeatureTogglesRepositoryImpl.swift */ = {isa = PBXFileReference; fileEncoding = 4; lastKnownFileType = sourcecode.swift; path = FeatureTogglesRepositoryImpl.swift; sourceTree = "<group>"; };
		8D098D8F2C3D3D8100D2B70A /* KeychainSwift.swift */ = {isa = PBXFileReference; fileEncoding = 4; lastKnownFileType = sourcecode.swift; path = KeychainSwift.swift; sourceTree = "<group>"; };
		8D098D902C3D3D8100D2B70A /* KeychainSwiftAccessOptions.swift */ = {isa = PBXFileReference; fileEncoding = 4; lastKnownFileType = sourcecode.swift; path = KeychainSwiftAccessOptions.swift; sourceTree = "<group>"; };
		8D098D912C3D3D8100D2B70A /* KeychainSwiftConstants.swift */ = {isa = PBXFileReference; fileEncoding = 4; lastKnownFileType = sourcecode.swift; path = KeychainSwiftConstants.swift; sourceTree = "<group>"; };
		8D098D932C3D3D8100D2B70A /* KeychainService.swift */ = {isa = PBXFileReference; fileEncoding = 4; lastKnownFileType = sourcecode.swift; path = KeychainService.swift; sourceTree = "<group>"; };
		8D098D952C3D3D8100D2B70A /* FeatureTogglesLoggingService.swift */ = {isa = PBXFileReference; fileEncoding = 4; lastKnownFileType = sourcecode.swift; path = FeatureTogglesLoggingService.swift; sourceTree = "<group>"; };
		8D098D972C3D3D8100D2B70A /* FeatureFlagService.swift */ = {isa = PBXFileReference; fileEncoding = 4; lastKnownFileType = sourcecode.swift; path = FeatureFlagService.swift; sourceTree = "<group>"; };
		8D098D982C3D3D8100D2B70A /* FeatureFlagServiceImpl.swift */ = {isa = PBXFileReference; fileEncoding = 4; lastKnownFileType = sourcecode.swift; path = FeatureFlagServiceImpl.swift; sourceTree = "<group>"; };
		8D098D9A2C3D3D8100D2B70A /* InMemoryStorage.swift */ = {isa = PBXFileReference; fileEncoding = 4; lastKnownFileType = sourcecode.swift; path = InMemoryStorage.swift; sourceTree = "<group>"; };
		8D098D9B2C3D3D8100D2B70A /* UserDefaultsStorage.swift */ = {isa = PBXFileReference; fileEncoding = 4; lastKnownFileType = sourcecode.swift; path = UserDefaultsStorage.swift; sourceTree = "<group>"; };
		8D098D9D2C3D3D8100D2B70A /* FeatureTogglesStorage.swift */ = {isa = PBXFileReference; fileEncoding = 4; lastKnownFileType = sourcecode.swift; path = FeatureTogglesStorage.swift; sourceTree = "<group>"; };
		8D098DB22C3D3E3B00D2B70A /* NSNotification.swift */ = {isa = PBXFileReference; fileEncoding = 4; lastKnownFileType = sourcecode.swift; path = NSNotification.swift; sourceTree = "<group>"; };
		8D098DB92C3D3E3B00D2B70A /* URLSessionConfiguration.swift */ = {isa = PBXFileReference; fileEncoding = 4; lastKnownFileType = sourcecode.swift; path = URLSessionConfiguration.swift; sourceTree = "<group>"; };
		8D098DBF2C3D3E3B00D2B70A /* RequestModel.swift */ = {isa = PBXFileReference; fileEncoding = 4; lastKnownFileType = sourcecode.swift; path = RequestModel.swift; sourceTree = "<group>"; };
		8D098DC22C3D3E3B00D2B70A /* RequestBroadcast.swift */ = {isa = PBXFileReference; fileEncoding = 4; lastKnownFileType = sourcecode.swift; path = RequestBroadcast.swift; sourceTree = "<group>"; };
		8D098DC32C3D3E3B00D2B70A /* RequestObservable.swift */ = {isa = PBXFileReference; fileEncoding = 4; lastKnownFileType = sourcecode.swift; path = RequestObservable.swift; sourceTree = "<group>"; };
		8D098DC42C3D3E3B00D2B70A /* RequestStorage.swift */ = {isa = PBXFileReference; fileEncoding = 4; lastKnownFileType = sourcecode.swift; path = RequestStorage.swift; sourceTree = "<group>"; };
		8D098DC62C3D3E3B00D2B70A /* PersistHelper.swift */ = {isa = PBXFileReference; fileEncoding = 4; lastKnownFileType = sourcecode.swift; path = PersistHelper.swift; sourceTree = "<group>"; };
		8D098DCA2C3D3E3B00D2B70A /* InterceptorModfierProtocol.swift */ = {isa = PBXFileReference; fileEncoding = 4; lastKnownFileType = sourcecode.swift; path = InterceptorModfierProtocol.swift; sourceTree = "<group>"; };
		8D098DCB2C3D3E3B00D2B70A /* RequestEvaluatorModifierEndpoint.swift */ = {isa = PBXFileReference; fileEncoding = 4; lastKnownFileType = sourcecode.swift; path = RequestEvaluatorModifierEndpoint.swift; sourceTree = "<group>"; };
		8D098DCC2C3D3E3B00D2B70A /* RequestEvaluatorModifierHeader.swift */ = {isa = PBXFileReference; fileEncoding = 4; lastKnownFileType = sourcecode.swift; path = RequestEvaluatorModifierHeader.swift; sourceTree = "<group>"; };
		8D098DCD2C3D3E3B00D2B70A /* RequestEvaluatorModifierResponse.swift */ = {isa = PBXFileReference; fileEncoding = 4; lastKnownFileType = sourcecode.swift; path = RequestEvaluatorModifierResponse.swift; sourceTree = "<group>"; };
		8D098DE42C3D3E3B00D2B70A /* NetworkIgnore.swift */ = {isa = PBXFileReference; fileEncoding = 4; lastKnownFileType = sourcecode.swift; path = NetworkIgnore.swift; sourceTree = "<group>"; };
		8D098DE52C3D3E3B00D2B70A /* NetworkInterceptorUrlProtocol.swift */ = {isa = PBXFileReference; fileEncoding = 4; lastKnownFileType = sourcecode.swift; path = NetworkInterceptorUrlProtocol.swift; sourceTree = "<group>"; };
		8D098DE72C3D3E3B00D2B70A /* NetworkListenerUrlProtocol.swift */ = {isa = PBXFileReference; fileEncoding = 4; lastKnownFileType = sourcecode.swift; path = NetworkListenerUrlProtocol.swift; sourceTree = "<group>"; };
		8D098DEE2C3D3E3B00D2B70A /* ThreadSafe.swift */ = {isa = PBXFileReference; fileEncoding = 4; lastKnownFileType = sourcecode.swift; path = ThreadSafe.swift; sourceTree = "<group>"; };
		8D098DF22C3D3E3B00D2B70A /* InterceptorService.swift */ = {isa = PBXFileReference; fileEncoding = 4; lastKnownFileType = sourcecode.swift; path = InterceptorService.swift; sourceTree = "<group>"; };
		8D098DF32C3D3E3B00D2B70A /* NetworkInterceptor.swift */ = {isa = PBXFileReference; fileEncoding = 4; lastKnownFileType = sourcecode.swift; path = NetworkInterceptor.swift; sourceTree = "<group>"; };
		8D098DF42C3D3E3B00D2B70A /* NetworkInterceptorConfig.swift */ = {isa = PBXFileReference; fileEncoding = 4; lastKnownFileType = sourcecode.swift; path = NetworkInterceptorConfig.swift; sourceTree = "<group>"; };
		8D098DF52C3D3E3B00D2B70A /* NetworkRequestInterceptor.swift */ = {isa = PBXFileReference; fileEncoding = 4; lastKnownFileType = sourcecode.swift; path = NetworkRequestInterceptor.swift; sourceTree = "<group>"; };
		8D098E342C3E59B300D2B70A /* URLRequest.swift */ = {isa = PBXFileReference; lastKnownFileType = sourcecode.swift; path = URLRequest.swift; sourceTree = "<group>"; };
		8D3E0A182A80DD1F00715496 /* Data.swift */ = {isa = PBXFileReference; lastKnownFileType = sourcecode.swift; path = Data.swift; sourceTree = "<group>"; };
		8D3E0A1A2A80F05A00715496 /* String.swift */ = {isa = PBXFileReference; lastKnownFileType = sourcecode.swift; path = String.swift; sourceTree = "<group>"; };
		8D99191B2C449B1E00A51408 /* AuthenticationChallengeSender.swift */ = {isa = PBXFileReference; lastKnownFileType = sourcecode.swift; path = AuthenticationChallengeSender.swift; sourceTree = "<group>"; };
		8D9DC52F2A56A57100593A30 /* FeatureToggles.framework */ = {isa = PBXFileReference; explicitFileType = wrapper.framework; includeInIndex = 0; path = FeatureToggles.framework; sourceTree = BUILT_PRODUCTS_DIR; };
		8D9DC5322A56A57100593A30 /* FeatureToggles.h */ = {isa = PBXFileReference; lastKnownFileType = sourcecode.c.h; path = FeatureToggles.h; sourceTree = "<group>"; };
		8D9DC54B2A56AADA00593A30 /* FeatureTogglesSDK.swift */ = {isa = PBXFileReference; lastKnownFileType = sourcecode.swift; path = FeatureTogglesSDK.swift; sourceTree = "<group>"; };
		8DB0E8382AC199590025DA05 /* Package.swift */ = {isa = PBXFileReference; lastKnownFileType = sourcecode.swift; path = Package.swift; sourceTree = "<group>"; };
		8DB0E8392AC1B7CA0025DA05 /* README.md */ = {isa = PBXFileReference; lastKnownFileType = net.daringfireball.markdown; path = README.md; sourceTree = "<group>"; };
		8DB879302ADD4EF400CBFA9E /* LICENSE */ = {isa = PBXFileReference; lastKnownFileType = text; path = LICENSE; sourceTree = "<group>"; };
		8DB879312ADD4EF400CBFA9E /* NOTICE */ = {isa = PBXFileReference; lastKnownFileType = text; path = NOTICE; sourceTree = "<group>"; };
		8DB879322ADD4EF400CBFA9E /* TEFeatureToggles.podspec */ = {isa = PBXFileReference; lastKnownFileType = text; path = TEFeatureToggles.podspec; sourceTree = "<group>"; };
		8DBF36942C3FEBA6002928FC /* InterceptorURLSessionDelegate.swift */ = {isa = PBXFileReference; lastKnownFileType = sourcecode.swift; path = InterceptorURLSessionDelegate.swift; sourceTree = "<group>"; };
		8DBF36A52C4000FE002928FC /* WeakInterceptorURLSessionDelegate.swift */ = {isa = PBXFileReference; lastKnownFileType = sourcecode.swift; path = WeakInterceptorURLSessionDelegate.swift; sourceTree = "<group>"; };
		8DBF36A92C40269B002928FC /* InterceptorURLSessionDelegatesArray.swift */ = {isa = PBXFileReference; lastKnownFileType = sourcecode.swift; path = InterceptorURLSessionDelegatesArray.swift; sourceTree = "<group>"; };
/* End PBXFileReference section */

/* Begin PBXFrameworksBuildPhase section */
		8D9DC52C2A56A57100593A30 /* Frameworks */ = {
			isa = PBXFrameworksBuildPhase;
			buildActionMask = 2147483647;
			files = (
			);
			runOnlyForDeploymentPostprocessing = 0;
		};
/* End PBXFrameworksBuildPhase section */

/* Begin PBXGroup section */
		8D098D8B2C3D3D8100D2B70A /* CryptService */ = {
			isa = PBXGroup;
			children = (
				8D098D8A2C3D3D8100D2B70A /* CryptService.swift */,
			);
			path = CryptService;
			sourceTree = "<group>";
		};
		8D098D8E2C3D3D8100D2B70A /* FeatureTogglesRepository */ = {
			isa = PBXGroup;
			children = (
				8D098D8C2C3D3D8100D2B70A /* FeatureTogglesRepository.swift */,
				8D098D8D2C3D3D8100D2B70A /* FeatureTogglesRepositoryImpl.swift */,
			);
			path = FeatureTogglesRepository;
			sourceTree = "<group>";
		};
		8D098D922C3D3D8100D2B70A /* KeychainSwift */ = {
			isa = PBXGroup;
			children = (
				8D098D8F2C3D3D8100D2B70A /* KeychainSwift.swift */,
				8D098D902C3D3D8100D2B70A /* KeychainSwiftAccessOptions.swift */,
				8D098D912C3D3D8100D2B70A /* KeychainSwiftConstants.swift */,
			);
			path = KeychainSwift;
			sourceTree = "<group>";
		};
		8D098D942C3D3D8100D2B70A /* Keychain */ = {
			isa = PBXGroup;
			children = (
				8D098D922C3D3D8100D2B70A /* KeychainSwift */,
				8D098D932C3D3D8100D2B70A /* KeychainService.swift */,
			);
			path = Keychain;
			sourceTree = "<group>";
		};
		8D098D962C3D3D8100D2B70A /* LoggingService */ = {
			isa = PBXGroup;
			children = (
				8D098D952C3D3D8100D2B70A /* FeatureTogglesLoggingService.swift */,
			);
			path = LoggingService;
			sourceTree = "<group>";
		};
		8D098D992C3D3D8100D2B70A /* Networking */ = {
			isa = PBXGroup;
			children = (
				8D098D972C3D3D8100D2B70A /* FeatureFlagService.swift */,
				8D098D982C3D3D8100D2B70A /* FeatureFlagServiceImpl.swift */,
			);
			path = Networking;
			sourceTree = "<group>";
		};
		8D098D9C2C3D3D8100D2B70A /* DefaultStorages */ = {
			isa = PBXGroup;
			children = (
				8D098D9A2C3D3D8100D2B70A /* InMemoryStorage.swift */,
				8D098D9B2C3D3D8100D2B70A /* UserDefaultsStorage.swift */,
			);
			path = DefaultStorages;
			sourceTree = "<group>";
		};
		8D098D9E2C3D3D8100D2B70A /* Storage */ = {
			isa = PBXGroup;
			children = (
				8D098D9C2C3D3D8100D2B70A /* DefaultStorages */,
				8D098D9D2C3D3D8100D2B70A /* FeatureTogglesStorage.swift */,
			);
			path = Storage;
			sourceTree = "<group>";
		};
		8D098D9F2C3D3D8100D2B70A /* Services */ = {
			isa = PBXGroup;
			children = (
				8D098DF72C3D3E3B00D2B70A /* Interceptor */,
				8D098D8B2C3D3D8100D2B70A /* CryptService */,
				8D098D8E2C3D3D8100D2B70A /* FeatureTogglesRepository */,
				8D098D942C3D3D8100D2B70A /* Keychain */,
				8D098D962C3D3D8100D2B70A /* LoggingService */,
				8D098D992C3D3D8100D2B70A /* Networking */,
				8D098D9E2C3D3D8100D2B70A /* Storage */,
			);
			path = Services;
			sourceTree = "<group>";
		};
		8D098DBA2C3D3E3B00D2B70A /* Extension */ = {
			isa = PBXGroup;
			children = (
				8D098DB22C3D3E3B00D2B70A /* NSNotification.swift */,
				8D098DB92C3D3E3B00D2B70A /* URLSessionConfiguration.swift */,
				8D098E342C3E59B300D2B70A /* URLRequest.swift */,
			);
			path = Extension;
			sourceTree = "<group>";
		};
		8D098DC12C3D3E3B00D2B70A /* Models */ = {
			isa = PBXGroup;
			children = (
				8D098DBF2C3D3E3B00D2B70A /* RequestModel.swift */,
			);
			path = Models;
			sourceTree = "<group>";
		};
		8D098DC52C3D3E3B00D2B70A /* Observable */ = {
			isa = PBXGroup;
			children = (
				8D098DC22C3D3E3B00D2B70A /* RequestBroadcast.swift */,
				8D098DC32C3D3E3B00D2B70A /* RequestObservable.swift */,
				8D098DC42C3D3E3B00D2B70A /* RequestStorage.swift */,
			);
			path = Observable;
			sourceTree = "<group>";
		};
		8D098DCE2C3D3E3B00D2B70A /* RequestModifier */ = {
			isa = PBXGroup;
			children = (
				8D098DCA2C3D3E3B00D2B70A /* InterceptorModfierProtocol.swift */,
				8D098DCB2C3D3E3B00D2B70A /* RequestEvaluatorModifierEndpoint.swift */,
				8D098DCC2C3D3E3B00D2B70A /* RequestEvaluatorModifierHeader.swift */,
				8D098DCD2C3D3E3B00D2B70A /* RequestEvaluatorModifierResponse.swift */,
			);
			path = RequestModifier;
			sourceTree = "<group>";
		};
		8D098DE82C3D3E3B00D2B70A /* URLProtocol */ = {
			isa = PBXGroup;
			children = (
				8D098DE42C3D3E3B00D2B70A /* NetworkIgnore.swift */,
				8D098DE52C3D3E3B00D2B70A /* NetworkInterceptorUrlProtocol.swift */,
				8D098DE72C3D3E3B00D2B70A /* NetworkListenerUrlProtocol.swift */,
			);
			path = URLProtocol;
			sourceTree = "<group>";
		};
		8D098DEF2C3D3E3B00D2B70A /* Utils */ = {
			isa = PBXGroup;
			children = (
				8D098DC62C3D3E3B00D2B70A /* PersistHelper.swift */,
				8D098DEE2C3D3E3B00D2B70A /* ThreadSafe.swift */,
				8DBF36A52C4000FE002928FC /* WeakInterceptorURLSessionDelegate.swift */,
				8DBF36A92C40269B002928FC /* InterceptorURLSessionDelegatesArray.swift */,
				8D99191B2C449B1E00A51408 /* AuthenticationChallengeSender.swift */,
			);
			path = Utils;
			sourceTree = "<group>";
		};
		8D098DF72C3D3E3B00D2B70A /* Interceptor */ = {
			isa = PBXGroup;
			children = (
				8DBF36932C3FEB96002928FC /* InterceptorService */,
				8D098DBA2C3D3E3B00D2B70A /* Extension */,
				8D098DC12C3D3E3B00D2B70A /* Models */,
				8D098DC52C3D3E3B00D2B70A /* Observable */,
				8D098DCE2C3D3E3B00D2B70A /* RequestModifier */,
				8D098DE82C3D3E3B00D2B70A /* URLProtocol */,
				8D098DEF2C3D3E3B00D2B70A /* Utils */,
				8D098DF32C3D3E3B00D2B70A /* NetworkInterceptor.swift */,
				8D098DF42C3D3E3B00D2B70A /* NetworkInterceptorConfig.swift */,
				8D098DF52C3D3E3B00D2B70A /* NetworkRequestInterceptor.swift */,
			);
			path = Interceptor;
			sourceTree = "<group>";
		};
		8D3E0A172A80DD0500715496 /* Extensions */ = {
			isa = PBXGroup;
			children = (
				8D3E0A182A80DD1F00715496 /* Data.swift */,
				8D3E0A1A2A80F05A00715496 /* String.swift */,
			);
			path = Extensions;
			sourceTree = "<group>";
		};
		8D9DC5252A56A57100593A30 = {
			isa = PBXGroup;
			children = (
				8DB879302ADD4EF400CBFA9E /* LICENSE */,
				8DB879312ADD4EF400CBFA9E /* NOTICE */,
				8DB879322ADD4EF400CBFA9E /* TEFeatureToggles.podspec */,
				8DB0E8392AC1B7CA0025DA05 /* README.md */,
				8DB0E8382AC199590025DA05 /* Package.swift */,
				8D9DC5312A56A57100593A30 /* FeatureToggles */,
				8D9DC5302A56A57100593A30 /* Products */,
			);
			sourceTree = "<group>";
		};
		8D9DC5302A56A57100593A30 /* Products */ = {
			isa = PBXGroup;
			children = (
				8D9DC52F2A56A57100593A30 /* FeatureToggles.framework */,
			);
			name = Products;
			sourceTree = "<group>";
		};
		8D9DC5312A56A57100593A30 /* FeatureToggles */ = {
			isa = PBXGroup;
			children = (
				8D9DC5562A56ACAC00593A30 /* Data */,
				8D3E0A172A80DD0500715496 /* Extensions */,
				8D098D9F2C3D3D8100D2B70A /* Services */,
				8D9DC5322A56A57100593A30 /* FeatureToggles.h */,
				8D9DC54B2A56AADA00593A30 /* FeatureTogglesSDK.swift */,
			);
			path = FeatureToggles;
			sourceTree = "<group>";
		};
		8D9DC5562A56ACAC00593A30 /* Data */ = {
			isa = PBXGroup;
			children = (
				8D098D862C3D3D6000D2B70A /* FeatureFlagsEnum.swift */,
				8D098D842C3D3D6000D2B70A /* FeatureFlagsWithHash.swift */,
				8D098D852C3D3D6000D2B70A /* SDKFeatureFlag.swift */,
			);
			path = Data;
			sourceTree = "<group>";
		};
		8DBF36932C3FEB96002928FC /* InterceptorService */ = {
			isa = PBXGroup;
			children = (
				8D098DF22C3D3E3B00D2B70A /* InterceptorService.swift */,
				8DBF36942C3FEBA6002928FC /* InterceptorURLSessionDelegate.swift */,
			);
			path = InterceptorService;
			sourceTree = "<group>";
		};
/* End PBXGroup section */

/* Begin PBXHeadersBuildPhase section */
		8D9DC52A2A56A57100593A30 /* Headers */ = {
			isa = PBXHeadersBuildPhase;
			buildActionMask = 2147483647;
			files = (
				8D9DC5402A56A57100593A30 /* FeatureToggles.h in Headers */,
			);
			runOnlyForDeploymentPostprocessing = 0;
		};
/* End PBXHeadersBuildPhase section */

/* Begin PBXNativeTarget section */
		8D9DC52E2A56A57100593A30 /* FeatureToggles */ = {
			isa = PBXNativeTarget;
			buildConfigurationList = 8D9DC5432A56A57100593A30 /* Build configuration list for PBXNativeTarget "FeatureToggles" */;
			buildPhases = (
				8D9DC52A2A56A57100593A30 /* Headers */,
				8D9DC52B2A56A57100593A30 /* Sources */,
				8D9DC52C2A56A57100593A30 /* Frameworks */,
				8D9DC52D2A56A57100593A30 /* Resources */,
			);
			buildRules = (
			);
			dependencies = (
			);
			name = FeatureToggles;
			packageProductDependencies = (
			);
			productName = FeatureToggles;
			productReference = 8D9DC52F2A56A57100593A30 /* FeatureToggles.framework */;
			productType = "com.apple.product-type.framework";
		};
/* End PBXNativeTarget section */

/* Begin PBXProject section */
		8D9DC5262A56A57100593A30 /* Project object */ = {
			isa = PBXProject;
			attributes = {
				BuildIndependentTargetsInParallel = 1;
				LastSwiftUpdateCheck = 1400;
				LastUpgradeCheck = 1400;
				TargetAttributes = {
					8D9DC52E2A56A57100593A30 = {
						CreatedOnToolsVersion = 14.0.1;
					};
				};
			};
			buildConfigurationList = 8D9DC5292A56A57100593A30 /* Build configuration list for PBXProject "FeatureToggles" */;
			compatibilityVersion = "Xcode 14.0";
			developmentRegion = en;
			hasScannedForEncodings = 0;
			knownRegions = (
				en,
				Base,
			);
			mainGroup = 8D9DC5252A56A57100593A30;
			packageReferences = (
			);
			productRefGroup = 8D9DC5302A56A57100593A30 /* Products */;
			projectDirPath = "";
			projectRoot = "";
			targets = (
				8D9DC52E2A56A57100593A30 /* FeatureToggles */,
			);
		};
/* End PBXProject section */

/* Begin PBXResourcesBuildPhase section */
		8D9DC52D2A56A57100593A30 /* Resources */ = {
			isa = PBXResourcesBuildPhase;
			buildActionMask = 2147483647;
			files = (
			);
			runOnlyForDeploymentPostprocessing = 0;
		};
/* End PBXResourcesBuildPhase section */

/* Begin PBXSourcesBuildPhase section */
		8D9DC52B2A56A57100593A30 /* Sources */ = {
			isa = PBXSourcesBuildPhase;
			buildActionMask = 2147483647;
			files = (
				8D098DA92C3D3D8100D2B70A /* FeatureFlagServiceImpl.swift in Sources */,
				8D098E082C3D3E3B00D2B70A /* RequestBroadcast.swift in Sources */,
				8D098DA42C3D3D8100D2B70A /* KeychainSwiftAccessOptions.swift in Sources */,
				8D9DC54C2A56AADA00593A30 /* FeatureTogglesSDK.swift in Sources */,
				8D098E0E2C3D3E3B00D2B70A /* InterceptorModfierProtocol.swift in Sources */,
				8D098E312C3D3E3B00D2B70A /* NetworkInterceptorConfig.swift in Sources */,
				8D098E092C3D3E3B00D2B70A /* RequestObservable.swift in Sources */,
				8D098E232C3D3E3B00D2B70A /* NetworkIgnore.swift in Sources */,
				8D098E0F2C3D3E3B00D2B70A /* RequestEvaluatorModifierEndpoint.swift in Sources */,
				8D098DA22C3D3D8100D2B70A /* FeatureTogglesRepositoryImpl.swift in Sources */,
				8D098E102C3D3E3B00D2B70A /* RequestEvaluatorModifierHeader.swift in Sources */,
				8D3E0A1B2A80F05A00715496 /* String.swift in Sources */,
				8D098DA72C3D3D8100D2B70A /* FeatureTogglesLoggingService.swift in Sources */,
				8D098DA12C3D3D8100D2B70A /* FeatureTogglesRepository.swift in Sources */,
				8D098E2F2C3D3E3B00D2B70A /* InterceptorService.swift in Sources */,
				8DBF36AA2C40269B002928FC /* InterceptorURLSessionDelegatesArray.swift in Sources */,
				8D098E302C3D3E3B00D2B70A /* NetworkInterceptor.swift in Sources */,
				8D098DAA2C3D3D8100D2B70A /* InMemoryStorage.swift in Sources */,
				8D098E262C3D3E3B00D2B70A /* NetworkListenerUrlProtocol.swift in Sources */,
				8D098D882C3D3D6000D2B70A /* SDKFeatureFlag.swift in Sources */,
				8D098DAC2C3D3D8100D2B70A /* FeatureTogglesStorage.swift in Sources */,
				8D098E0B2C3D3E3B00D2B70A /* PersistHelper.swift in Sources */,
				8DBF36A62C4000FE002928FC /* WeakInterceptorURLSessionDelegate.swift in Sources */,
				8D098E352C3E59B300D2B70A /* URLRequest.swift in Sources */,
				8D098E032C3D3E3B00D2B70A /* URLSessionConfiguration.swift in Sources */,
				8DBF36952C3FEBA6002928FC /* InterceptorURLSessionDelegate.swift in Sources */,
				8D99191C2C449B1E00A51408 /* AuthenticationChallengeSender.swift in Sources */,
				8D098DA32C3D3D8100D2B70A /* KeychainSwift.swift in Sources */,
				8D098E242C3D3E3B00D2B70A /* NetworkInterceptorUrlProtocol.swift in Sources */,
				8D098E322C3D3E3B00D2B70A /* NetworkRequestInterceptor.swift in Sources */,
				8D098DA62C3D3D8100D2B70A /* KeychainService.swift in Sources */,
				8D098D872C3D3D6000D2B70A /* FeatureFlagsWithHash.swift in Sources */,
				8D098E062C3D3E3B00D2B70A /* RequestModel.swift in Sources */,
				8D098DA82C3D3D8100D2B70A /* FeatureFlagService.swift in Sources */,
				8D098DFC2C3D3E3B00D2B70A /* NSNotification.swift in Sources */,
				8D098E2C2C3D3E3B00D2B70A /* ThreadSafe.swift in Sources */,
				8D098E112C3D3E3B00D2B70A /* RequestEvaluatorModifierResponse.swift in Sources */,
				8D098E0A2C3D3E3B00D2B70A /* RequestStorage.swift in Sources */,
				8D098DA02C3D3D8100D2B70A /* CryptService.swift in Sources */,
				8D098DA52C3D3D8100D2B70A /* KeychainSwiftConstants.swift in Sources */,
				8D098D892C3D3D6000D2B70A /* FeatureFlagsEnum.swift in Sources */,
				8D098DAB2C3D3D8100D2B70A /* UserDefaultsStorage.swift in Sources */,
				8D3E0A192A80DD1F00715496 /* Data.swift in Sources */,
			);
			runOnlyForDeploymentPostprocessing = 0;
		};
/* End PBXSourcesBuildPhase section */

/* Begin XCBuildConfiguration section */
		8D9DC5412A56A57100593A30 /* Debug */ = {
			isa = XCBuildConfiguration;
			buildSettings = {
				ALWAYS_SEARCH_USER_PATHS = NO;
				CLANG_ANALYZER_NONNULL = YES;
				CLANG_ANALYZER_NUMBER_OBJECT_CONVERSION = YES_AGGRESSIVE;
				CLANG_CXX_LANGUAGE_STANDARD = "gnu++20";
				CLANG_ENABLE_MODULES = YES;
				CLANG_ENABLE_OBJC_ARC = YES;
				CLANG_ENABLE_OBJC_WEAK = YES;
				CLANG_WARN_BLOCK_CAPTURE_AUTORELEASING = YES;
				CLANG_WARN_BOOL_CONVERSION = YES;
				CLANG_WARN_COMMA = YES;
				CLANG_WARN_CONSTANT_CONVERSION = YES;
				CLANG_WARN_DEPRECATED_OBJC_IMPLEMENTATIONS = YES;
				CLANG_WARN_DIRECT_OBJC_ISA_USAGE = YES_ERROR;
				CLANG_WARN_DOCUMENTATION_COMMENTS = YES;
				CLANG_WARN_EMPTY_BODY = YES;
				CLANG_WARN_ENUM_CONVERSION = YES;
				CLANG_WARN_INFINITE_RECURSION = YES;
				CLANG_WARN_INT_CONVERSION = YES;
				CLANG_WARN_NON_LITERAL_NULL_CONVERSION = YES;
				CLANG_WARN_OBJC_IMPLICIT_RETAIN_SELF = YES;
				CLANG_WARN_OBJC_LITERAL_CONVERSION = YES;
				CLANG_WARN_OBJC_ROOT_CLASS = YES_ERROR;
				CLANG_WARN_QUOTED_INCLUDE_IN_FRAMEWORK_HEADER = YES;
				CLANG_WARN_RANGE_LOOP_ANALYSIS = YES;
				CLANG_WARN_STRICT_PROTOTYPES = YES;
				CLANG_WARN_SUSPICIOUS_MOVE = YES;
				CLANG_WARN_UNGUARDED_AVAILABILITY = YES_AGGRESSIVE;
				CLANG_WARN_UNREACHABLE_CODE = YES;
				CLANG_WARN__DUPLICATE_METHOD_MATCH = YES;
				COPY_PHASE_STRIP = NO;
				CURRENT_PROJECT_VERSION = 1;
				DEBUG_INFORMATION_FORMAT = dwarf;
				ENABLE_STRICT_OBJC_MSGSEND = YES;
				ENABLE_TESTABILITY = YES;
				GCC_C_LANGUAGE_STANDARD = gnu11;
				GCC_DYNAMIC_NO_PIC = NO;
				GCC_NO_COMMON_BLOCKS = YES;
				GCC_OPTIMIZATION_LEVEL = 0;
				GCC_PREPROCESSOR_DEFINITIONS = (
					"DEBUG=1",
					"$(inherited)",
				);
				GCC_WARN_64_TO_32_BIT_CONVERSION = YES;
				GCC_WARN_ABOUT_RETURN_TYPE = YES_ERROR;
				GCC_WARN_UNDECLARED_SELECTOR = YES;
				GCC_WARN_UNINITIALIZED_AUTOS = YES_AGGRESSIVE;
				GCC_WARN_UNUSED_FUNCTION = YES;
				GCC_WARN_UNUSED_VARIABLE = YES;
				IPHONEOS_DEPLOYMENT_TARGET = 13.0;
				MTL_ENABLE_DEBUG_INFO = INCLUDE_SOURCE;
				MTL_FAST_MATH = YES;
				ONLY_ACTIVE_ARCH = YES;
				SDKROOT = iphoneos;
				SWIFT_ACTIVE_COMPILATION_CONDITIONS = DEBUG;
				SWIFT_OPTIMIZATION_LEVEL = "-Onone";
				VERSIONING_SYSTEM = "apple-generic";
				VERSION_INFO_PREFIX = "";
			};
			name = Debug;
		};
		8D9DC5422A56A57100593A30 /* Release */ = {
			isa = XCBuildConfiguration;
			buildSettings = {
				ALWAYS_SEARCH_USER_PATHS = NO;
				CLANG_ANALYZER_NONNULL = YES;
				CLANG_ANALYZER_NUMBER_OBJECT_CONVERSION = YES_AGGRESSIVE;
				CLANG_CXX_LANGUAGE_STANDARD = "gnu++20";
				CLANG_ENABLE_MODULES = YES;
				CLANG_ENABLE_OBJC_ARC = YES;
				CLANG_ENABLE_OBJC_WEAK = YES;
				CLANG_WARN_BLOCK_CAPTURE_AUTORELEASING = YES;
				CLANG_WARN_BOOL_CONVERSION = YES;
				CLANG_WARN_COMMA = YES;
				CLANG_WARN_CONSTANT_CONVERSION = YES;
				CLANG_WARN_DEPRECATED_OBJC_IMPLEMENTATIONS = YES;
				CLANG_WARN_DIRECT_OBJC_ISA_USAGE = YES_ERROR;
				CLANG_WARN_DOCUMENTATION_COMMENTS = YES;
				CLANG_WARN_EMPTY_BODY = YES;
				CLANG_WARN_ENUM_CONVERSION = YES;
				CLANG_WARN_INFINITE_RECURSION = YES;
				CLANG_WARN_INT_CONVERSION = YES;
				CLANG_WARN_NON_LITERAL_NULL_CONVERSION = YES;
				CLANG_WARN_OBJC_IMPLICIT_RETAIN_SELF = YES;
				CLANG_WARN_OBJC_LITERAL_CONVERSION = YES;
				CLANG_WARN_OBJC_ROOT_CLASS = YES_ERROR;
				CLANG_WARN_QUOTED_INCLUDE_IN_FRAMEWORK_HEADER = YES;
				CLANG_WARN_RANGE_LOOP_ANALYSIS = YES;
				CLANG_WARN_STRICT_PROTOTYPES = YES;
				CLANG_WARN_SUSPICIOUS_MOVE = YES;
				CLANG_WARN_UNGUARDED_AVAILABILITY = YES_AGGRESSIVE;
				CLANG_WARN_UNREACHABLE_CODE = YES;
				CLANG_WARN__DUPLICATE_METHOD_MATCH = YES;
				COPY_PHASE_STRIP = NO;
				CURRENT_PROJECT_VERSION = 1;
				DEBUG_INFORMATION_FORMAT = "dwarf-with-dsym";
				ENABLE_NS_ASSERTIONS = NO;
				ENABLE_STRICT_OBJC_MSGSEND = YES;
				GCC_C_LANGUAGE_STANDARD = gnu11;
				GCC_NO_COMMON_BLOCKS = YES;
				GCC_WARN_64_TO_32_BIT_CONVERSION = YES;
				GCC_WARN_ABOUT_RETURN_TYPE = YES_ERROR;
				GCC_WARN_UNDECLARED_SELECTOR = YES;
				GCC_WARN_UNINITIALIZED_AUTOS = YES_AGGRESSIVE;
				GCC_WARN_UNUSED_FUNCTION = YES;
				GCC_WARN_UNUSED_VARIABLE = YES;
				IPHONEOS_DEPLOYMENT_TARGET = 13.0;
				MTL_ENABLE_DEBUG_INFO = NO;
				MTL_FAST_MATH = YES;
				SDKROOT = iphoneos;
				SWIFT_COMPILATION_MODE = wholemodule;
				SWIFT_OPTIMIZATION_LEVEL = "-O";
				VALIDATE_PRODUCT = YES;
				VERSIONING_SYSTEM = "apple-generic";
				VERSION_INFO_PREFIX = "";
			};
			name = Release;
		};
		8D9DC5442A56A57100593A30 /* Debug */ = {
			isa = XCBuildConfiguration;
			buildSettings = {
				CODE_SIGN_STYLE = Automatic;
				CURRENT_PROJECT_VERSION = 1;
				DEFINES_MODULE = YES;
				DEVELOPMENT_TEAM = UGX9GAXJ53;
				DYLIB_COMPATIBILITY_VERSION = 1;
				DYLIB_CURRENT_VERSION = 1;
				DYLIB_INSTALL_NAME_BASE = "@rpath";
				GENERATE_INFOPLIST_FILE = YES;
				INFOPLIST_KEY_NSHumanReadableCopyright = "";
				INSTALL_PATH = "$(LOCAL_LIBRARY_DIR)/Frameworks";
				IPHONEOS_DEPLOYMENT_TARGET = 13.0;
				LD_RUNPATH_SEARCH_PATHS = (
					"$(inherited)",
					"@executable_path/Frameworks",
					"@loader_path/Frameworks",
				);
				MARKETING_VERSION = 1.0;
				PRODUCT_BUNDLE_IDENTIFIER = ru.trueengineering.tefeaturetoggles;
				PRODUCT_NAME = "$(TARGET_NAME:c99extidentifier)";
				SKIP_INSTALL = YES;
				SWIFT_EMIT_LOC_STRINGS = YES;
				SWIFT_VERSION = 5.0;
				TARGETED_DEVICE_FAMILY = "1,2";
			};
			name = Debug;
		};
		8D9DC5452A56A57100593A30 /* Release */ = {
			isa = XCBuildConfiguration;
			buildSettings = {
				CODE_SIGN_STYLE = Automatic;
				CURRENT_PROJECT_VERSION = 1;
				DEFINES_MODULE = YES;
				DEVELOPMENT_TEAM = UGX9GAXJ53;
				DYLIB_COMPATIBILITY_VERSION = 1;
				DYLIB_CURRENT_VERSION = 1;
				DYLIB_INSTALL_NAME_BASE = "@rpath";
				GENERATE_INFOPLIST_FILE = YES;
				INFOPLIST_KEY_NSHumanReadableCopyright = "";
				INSTALL_PATH = "$(LOCAL_LIBRARY_DIR)/Frameworks";
				IPHONEOS_DEPLOYMENT_TARGET = 13.0;
				LD_RUNPATH_SEARCH_PATHS = (
					"$(inherited)",
					"@executable_path/Frameworks",
					"@loader_path/Frameworks",
				);
				MARKETING_VERSION = 1.0;
				PRODUCT_BUNDLE_IDENTIFIER = ru.trueengineering.tefeaturetoggles;
				PRODUCT_NAME = "$(TARGET_NAME:c99extidentifier)";
				SKIP_INSTALL = YES;
				SWIFT_EMIT_LOC_STRINGS = YES;
				SWIFT_VERSION = 5.0;
				TARGETED_DEVICE_FAMILY = "1,2";
			};
			name = Release;
		};
/* End XCBuildConfiguration section */

/* Begin XCConfigurationList section */
		8D9DC5292A56A57100593A30 /* Build configuration list for PBXProject "FeatureToggles" */ = {
			isa = XCConfigurationList;
			buildConfigurations = (
				8D9DC5412A56A57100593A30 /* Debug */,
				8D9DC5422A56A57100593A30 /* Release */,
			);
			defaultConfigurationIsVisible = 0;
			defaultConfigurationName = Release;
		};
		8D9DC5432A56A57100593A30 /* Build configuration list for PBXNativeTarget "FeatureToggles" */ = {
			isa = XCConfigurationList;
			buildConfigurations = (
				8D9DC5442A56A57100593A30 /* Debug */,
				8D9DC5452A56A57100593A30 /* Release */,
			);
			defaultConfigurationIsVisible = 0;
			defaultConfigurationName = Release;
		};
/* End XCConfigurationList section */
	};
	rootObject = 8D9DC5262A56A57100593A30 /* Project object */;
}
