// !$*UTF8*$!
{
	archiveVersion = 1;
	classes = {
	};
	objectVersion = 56;
	objects = {

/* Begin PBXBuildFile section */
		8D9E1CAA2A9DD66A007B7AE4 /* TEFeatureTogglesExampleApp.swift in Sources */ = {isa = PBXBuildFile; fileRef = 8D9E1CA92A9DD66A007B7AE4 /* TEFeatureTogglesExampleApp.swift */; };
		8D9E1CAC2A9DD66A007B7AE4 /* ContentView.swift in Sources */ = {isa = PBXBuildFile; fileRef = 8D9E1CAB2A9DD66A007B7AE4 /* ContentView.swift */; };
		8D9E1CAE2A9DD66B007B7AE4 /* Assets.xcassets in Resources */ = {isa = PBXBuildFile; fileRef = 8D9E1CAD2A9DD66B007B7AE4 /* Assets.xcassets */; };
		8D9E1CBB2A9DF8B0007B7AE4 /* ContentViewModel.swift in Sources */ = {isa = PBXBuildFile; fileRef = 8D9E1CBA2A9DF8B0007B7AE4 /* ContentViewModel.swift */; };
		8DEFFA382BD8E3890061077D /* FeatureToggles in Frameworks */ = {isa = PBXBuildFile; productRef = 8DEFFA372BD8E3890061077D /* FeatureToggles */; };
/* End PBXBuildFile section */

/* Begin PBXFileReference section */
		8D9E1CA62A9DD66A007B7AE4 /* TEFeatureTogglesExample.app */ = {isa = PBXFileReference; explicitFileType = wrapper.application; includeInIndex = 0; path = TEFeatureTogglesExample.app; sourceTree = BUILT_PRODUCTS_DIR; };
		8D9E1CA92A9DD66A007B7AE4 /* TEFeatureTogglesExampleApp.swift */ = {isa = PBXFileReference; lastKnownFileType = sourcecode.swift; path = TEFeatureTogglesExampleApp.swift; sourceTree = "<group>"; };
		8D9E1CAB2A9DD66A007B7AE4 /* ContentView.swift */ = {isa = PBXFileReference; lastKnownFileType = sourcecode.swift; path = ContentView.swift; sourceTree = "<group>"; };
		8D9E1CAD2A9DD66B007B7AE4 /* Assets.xcassets */ = {isa = PBXFileReference; lastKnownFileType = folder.assetcatalog; path = Assets.xcassets; sourceTree = "<group>"; };
		8D9E1CBA2A9DF8B0007B7AE4 /* ContentViewModel.swift */ = {isa = PBXFileReference; lastKnownFileType = sourcecode.swift; path = ContentViewModel.swift; sourceTree = "<group>"; };
/* End PBXFileReference section */

/* Begin PBXFrameworksBuildPhase section */
		8D9E1CA32A9DD66A007B7AE4 /* Frameworks */ = {
			isa = PBXFrameworksBuildPhase;
			buildActionMask = 2147483647;
			files = (
				8DEFFA382BD8E3890061077D /* FeatureToggles in Frameworks */,
			);
			runOnlyForDeploymentPostprocessing = 0;
		};
/* End PBXFrameworksBuildPhase section */

/* Begin PBXGroup section */
		8D9E1C9D2A9DD66A007B7AE4 = {
			isa = PBXGroup;
			children = (
				8D9E1CA82A9DD66A007B7AE4 /* TEFeatureTogglesExample */,
				8D9E1CA72A9DD66A007B7AE4 /* Products */,
			);
			sourceTree = "<group>";
		};
		8D9E1CA72A9DD66A007B7AE4 /* Products */ = {
			isa = PBXGroup;
			children = (
				8D9E1CA62A9DD66A007B7AE4 /* TEFeatureTogglesExample.app */,
			);
			name = Products;
			sourceTree = "<group>";
		};
		8D9E1CA82A9DD66A007B7AE4 /* TEFeatureTogglesExample */ = {
			isa = PBXGroup;
			children = (
				8D9E1CA92A9DD66A007B7AE4 /* TEFeatureTogglesExampleApp.swift */,
				8D9E1CAB2A9DD66A007B7AE4 /* ContentView.swift */,
				8D9E1CBA2A9DF8B0007B7AE4 /* ContentViewModel.swift */,
				8D9E1CAD2A9DD66B007B7AE4 /* Assets.xcassets */,
			);
			path = TEFeatureTogglesExample;
			sourceTree = "<group>";
		};
/* End PBXGroup section */

/* Begin PBXNativeTarget section */
		8D9E1CA52A9DD66A007B7AE4 /* TEFeatureTogglesExample */ = {
			isa = PBXNativeTarget;
			buildConfigurationList = 8D9E1CB42A9DD66B007B7AE4 /* Build configuration list for PBXNativeTarget "TEFeatureTogglesExample" */;
			buildPhases = (
				8D9E1CA22A9DD66A007B7AE4 /* Sources */,
				8D9E1CA32A9DD66A007B7AE4 /* Frameworks */,
				8D9E1CA42A9DD66A007B7AE4 /* Resources */,
			);
			buildRules = (
			);
			dependencies = (
			);
			name = TEFeatureTogglesExample;
			packageProductDependencies = (
				8DEFFA372BD8E3890061077D /* FeatureToggles */,
			);
			productName = TEFeatureTogglesExample;
			productReference = 8D9E1CA62A9DD66A007B7AE4 /* TEFeatureTogglesExample.app */;
			productType = "com.apple.product-type.application";
		};
/* End PBXNativeTarget section */

/* Begin PBXProject section */
		8D9E1C9E2A9DD66A007B7AE4 /* Project object */ = {
			isa = PBXProject;
			attributes = {
				BuildIndependentTargetsInParallel = 1;
				LastSwiftUpdateCheck = 1410;
				LastUpgradeCheck = 1410;
				TargetAttributes = {
					8D9E1CA52A9DD66A007B7AE4 = {
						CreatedOnToolsVersion = 14.1;
					};
				};
			};
			buildConfigurationList = 8D9E1CA12A9DD66A007B7AE4 /* Build configuration list for PBXProject "TEFeatureTogglesExample" */;
			compatibilityVersion = "Xcode 14.0";
			developmentRegion = en;
			hasScannedForEncodings = 0;
			knownRegions = (
				en,
				Base,
			);
			mainGroup = 8D9E1C9D2A9DD66A007B7AE4;
			packageReferences = (
				8DEFFA362BD8E3890061077D /* XCRemoteSwiftPackageReference "FeatureTogglesSDK_iOS" */,
			);
			productRefGroup = 8D9E1CA72A9DD66A007B7AE4 /* Products */;
			projectDirPath = "";
			projectRoot = "";
			targets = (
				8D9E1CA52A9DD66A007B7AE4 /* TEFeatureTogglesExample */,
			);
		};
/* End PBXProject section */

/* Begin PBXResourcesBuildPhase section */
		8D9E1CA42A9DD66A007B7AE4 /* Resources */ = {
			isa = PBXResourcesBuildPhase;
			buildActionMask = 2147483647;
			files = (
				8D9E1CAE2A9DD66B007B7AE4 /* Assets.xcassets in Resources */,
			);
			runOnlyForDeploymentPostprocessing = 0;
		};
/* End PBXResourcesBuildPhase section */

/* Begin PBXSourcesBuildPhase section */
		8D9E1CA22A9DD66A007B7AE4 /* Sources */ = {
			isa = PBXSourcesBuildPhase;
			buildActionMask = 2147483647;
			files = (
				8D9E1CAC2A9DD66A007B7AE4 /* ContentView.swift in Sources */,
				8D9E1CAA2A9DD66A007B7AE4 /* TEFeatureTogglesExampleApp.swift in Sources */,
				8D9E1CBB2A9DF8B0007B7AE4 /* ContentViewModel.swift in Sources */,
			);
			runOnlyForDeploymentPostprocessing = 0;
		};
/* End PBXSourcesBuildPhase section */

/* Begin XCBuildConfiguration section */
		8D9E1CB22A9DD66B007B7AE4 /* Debug */ = {
			isa = XCBuildConfiguration;
			buildSettings = {
				ALWAYS_SEARCH_USER_PATHS = NO;
				CLANG_ANALYZER_NONNULL = YES;
				CLANG_ANALYZER_NUMBER_OBJECT_CONVERSION = YES_AGGRESSIVE;
				CLANG_CXX_LANGUAGE_STANDARD = "gnu++20";
				CLANG_ENABLE_MODULES = YES;
				CLANG_ENABLE_OBJC_ARC = YES;
				CLANG_ENABLE_OBJC_WEAK = YES;
				CLANG_WARN_BLOCK_CAPTURE_AUTORELEASING = YES;
				CLANG_WARN_BOOL_CONVERSION = YES;
				CLANG_WARN_COMMA = YES;
				CLANG_WARN_CONSTANT_CONVERSION = YES;
				CLANG_WARN_DEPRECATED_OBJC_IMPLEMENTATIONS = YES;
				CLANG_WARN_DIRECT_OBJC_ISA_USAGE = YES_ERROR;
				CLANG_WARN_DOCUMENTATION_COMMENTS = YES;
				CLANG_WARN_EMPTY_BODY = YES;
				CLANG_WARN_ENUM_CONVERSION = YES;
				CLANG_WARN_INFINITE_RECURSION = YES;
				CLANG_WARN_INT_CONVERSION = YES;
				CLANG_WARN_NON_LITERAL_NULL_CONVERSION = YES;
				CLANG_WARN_OBJC_IMPLICIT_RETAIN_SELF = YES;
				CLANG_WARN_OBJC_LITERAL_CONVERSION = YES;
				CLANG_WARN_OBJC_ROOT_CLASS = YES_ERROR;
				CLANG_WARN_QUOTED_INCLUDE_IN_FRAMEWORK_HEADER = YES;
				CLANG_WARN_RANGE_LOOP_ANALYSIS = YES;
				CLANG_WARN_STRICT_PROTOTYPES = YES;
				CLANG_WARN_SUSPICIOUS_MOVE = YES;
				CLANG_WARN_UNGUARDED_AVAILABILITY = YES_AGGRESSIVE;
				CLANG_WARN_UNREACHABLE_CODE = YES;
				CLANG_WARN__DUPLICATE_METHOD_MATCH = YES;
				COPY_PHASE_STRIP = NO;
				DEBUG_INFORMATION_FORMAT = dwarf;
				ENABLE_STRICT_OBJC_MSGSEND = YES;
				ENABLE_TESTABILITY = YES;
				GCC_C_LANGUAGE_STANDARD = gnu11;
				GCC_DYNAMIC_NO_PIC = NO;
				GCC_NO_COMMON_BLOCKS = YES;
				GCC_OPTIMIZATION_LEVEL = 0;
				GCC_PREPROCESSOR_DEFINITIONS = (
					"DEBUG=1",
					"$(inherited)",
				);
				GCC_WARN_64_TO_32_BIT_CONVERSION = YES;
				GCC_WARN_ABOUT_RETURN_TYPE = YES_ERROR;
				GCC_WARN_UNDECLARED_SELECTOR = YES;
				GCC_WARN_UNINITIALIZED_AUTOS = YES_AGGRESSIVE;
				GCC_WARN_UNUSED_FUNCTION = YES;
				GCC_WARN_UNUSED_VARIABLE = YES;
				IPHONEOS_DEPLOYMENT_TARGET = 16.1;
				MTL_ENABLE_DEBUG_INFO = INCLUDE_SOURCE;
				MTL_FAST_MATH = YES;
				ONLY_ACTIVE_ARCH = YES;
				SDKROOT = iphoneos;
				SWIFT_ACTIVE_COMPILATION_CONDITIONS = DEBUG;
				SWIFT_OPTIMIZATION_LEVEL = "-Onone";
			};
			name = Debug;
		};
		8D9E1CB32A9DD66B007B7AE4 /* Release */ = {
			isa = XCBuildConfiguration;
			buildSettings = {
				ALWAYS_SEARCH_USER_PATHS = NO;
				CLANG_ANALYZER_NONNULL = YES;
				CLANG_ANALYZER_NUMBER_OBJECT_CONVERSION = YES_AGGRESSIVE;
				CLANG_CXX_LANGUAGE_STANDARD = "gnu++20";
				CLANG_ENABLE_MODULES = YES;
				CLANG_ENABLE_OBJC_ARC = YES;
				CLANG_ENABLE_OBJC_WEAK = YES;
				CLANG_WARN_BLOCK_CAPTURE_AUTORELEASING = YES;
				CLANG_WARN_BOOL_CONVERSION = YES;
				CLANG_WARN_COMMA = YES;
				CLANG_WARN_CONSTANT_CONVERSION = YES;
				CLANG_WARN_DEPRECATED_OBJC_IMPLEMENTATIONS = YES;
				CLANG_WARN_DIRECT_OBJC_ISA_USAGE = YES_ERROR;
				CLANG_WARN_DOCUMENTATION_COMMENTS = YES;
				CLANG_WARN_EMPTY_BODY = YES;
				CLANG_WARN_ENUM_CONVERSION = YES;
				CLANG_WARN_INFINITE_RECURSION = YES;
				CLANG_WARN_INT_CONVERSION = YES;
				CLANG_WARN_NON_LITERAL_NULL_CONVERSION = YES;
				CLANG_WARN_OBJC_IMPLICIT_RETAIN_SELF = YES;
				CLANG_WARN_OBJC_LITERAL_CONVERSION = YES;
				CLANG_WARN_OBJC_ROOT_CLASS = YES_ERROR;
				CLANG_WARN_QUOTED_INCLUDE_IN_FRAMEWORK_HEADER = YES;
				CLANG_WARN_RANGE_LOOP_ANALYSIS = YES;
				CLANG_WARN_STRICT_PROTOTYPES = YES;
				CLANG_WARN_SUSPICIOUS_MOVE = YES;
				CLANG_WARN_UNGUARDED_AVAILABILITY = YES_AGGRESSIVE;
				CLANG_WARN_UNREACHABLE_CODE = YES;
				CLANG_WARN__DUPLICATE_METHOD_MATCH = YES;
				COPY_PHASE_STRIP = NO;
				DEBUG_INFORMATION_FORMAT = "dwarf-with-dsym";
				ENABLE_NS_ASSERTIONS = NO;
				ENABLE_STRICT_OBJC_MSGSEND = YES;
				GCC_C_LANGUAGE_STANDARD = gnu11;
				GCC_NO_COMMON_BLOCKS = YES;
				GCC_WARN_64_TO_32_BIT_CONVERSION = YES;
				GCC_WARN_ABOUT_RETURN_TYPE = YES_ERROR;
				GCC_WARN_UNDECLARED_SELECTOR = YES;
				GCC_WARN_UNINITIALIZED_AUTOS = YES_AGGRESSIVE;
				GCC_WARN_UNUSED_FUNCTION = YES;
				GCC_WARN_UNUSED_VARIABLE = YES;
				IPHONEOS_DEPLOYMENT_TARGET = 16.1;
				MTL_ENABLE_DEBUG_INFO = NO;
				MTL_FAST_MATH = YES;
				SDKROOT = iphoneos;
				SWIFT_COMPILATION_MODE = wholemodule;
				SWIFT_OPTIMIZATION_LEVEL = "-O";
				VALIDATE_PRODUCT = YES;
			};
			name = Release;
		};
		8D9E1CB52A9DD66B007B7AE4 /* Debug */ = {
			isa = XCBuildConfiguration;
			buildSettings = {
				ASSETCATALOG_COMPILER_APPICON_NAME = AppIcon;
				ASSETCATALOG_COMPILER_GLOBAL_ACCENT_COLOR_NAME = AccentColor;
				CODE_SIGN_STYLE = Automatic;
				CURRENT_PROJECT_VERSION = 1;
				DEVELOPMENT_TEAM = UGX9GAXJ53;
				ENABLE_PREVIEWS = YES;
				GENERATE_INFOPLIST_FILE = YES;
				INFOPLIST_KEY_UIApplicationSceneManifest_Generation = YES;
				INFOPLIST_KEY_UIApplicationSupportsIndirectInputEvents = YES;
				INFOPLIST_KEY_UILaunchScreen_Generation = YES;
				INFOPLIST_KEY_UISupportedInterfaceOrientations_iPad = "UIInterfaceOrientationPortrait UIInterfaceOrientationPortraitUpsideDown UIInterfaceOrientationLandscapeLeft UIInterfaceOrientationLandscapeRight";
				INFOPLIST_KEY_UISupportedInterfaceOrientations_iPhone = "UIInterfaceOrientationPortrait UIInterfaceOrientationLandscapeLeft UIInterfaceOrientationLandscapeRight";
				LD_RUNPATH_SEARCH_PATHS = (
					"$(inherited)",
					"@executable_path/Frameworks",
				);
				MARKETING_VERSION = 1.0;
				PRODUCT_BUNDLE_IDENTIFIER = ru.trueengineering.tefeaturetogglesexample;
				PRODUCT_NAME = "$(TARGET_NAME)";
				SWIFT_EMIT_LOC_STRINGS = YES;
				SWIFT_VERSION = 5.0;
				TARGETED_DEVICE_FAMILY = "1,2";
			};
			name = Debug;
		};
		8D9E1CB62A9DD66B007B7AE4 /* Release */ = {
			isa = XCBuildConfiguration;
			buildSettings = {
				ASSETCATALOG_COMPILER_APPICON_NAME = AppIcon;
				ASSETCATALOG_COMPILER_GLOBAL_ACCENT_COLOR_NAME = AccentColor;
				CODE_SIGN_STYLE = Automatic;
				CURRENT_PROJECT_VERSION = 1;
				DEVELOPMENT_TEAM = UGX9GAXJ53;
				ENABLE_PREVIEWS = YES;
				GENERATE_INFOPLIST_FILE = YES;
				INFOPLIST_KEY_UIApplicationSceneManifest_Generation = YES;
				INFOPLIST_KEY_UIApplicationSupportsIndirectInputEvents = YES;
				INFOPLIST_KEY_UILaunchScreen_Generation = YES;
				INFOPLIST_KEY_UISupportedInterfaceOrientations_iPad = "UIInterfaceOrientationPortrait UIInterfaceOrientationPortraitUpsideDown UIInterfaceOrientationLandscapeLeft UIInterfaceOrientationLandscapeRight";
				INFOPLIST_KEY_UISupportedInterfaceOrientations_iPhone = "UIInterfaceOrientationPortrait UIInterfaceOrientationLandscapeLeft UIInterfaceOrientationLandscapeRight";
				LD_RUNPATH_SEARCH_PATHS = (
					"$(inherited)",
					"@executable_path/Frameworks",
				);
				MARKETING_VERSION = 1.0;
				PRODUCT_BUNDLE_IDENTIFIER = ru.trueengineering.tefeaturetogglesexample;
				PRODUCT_NAME = "$(TARGET_NAME)";
				SWIFT_EMIT_LOC_STRINGS = YES;
				SWIFT_VERSION = 5.0;
				TARGETED_DEVICE_FAMILY = "1,2";
			};
			name = Release;
		};
/* End XCBuildConfiguration section */

/* Begin XCConfigurationList section */
		8D9E1CA12A9DD66A007B7AE4 /* Build configuration list for PBXProject "TEFeatureTogglesExample" */ = {
			isa = XCConfigurationList;
			buildConfigurations = (
				8D9E1CB22A9DD66B007B7AE4 /* Debug */,
				8D9E1CB32A9DD66B007B7AE4 /* Release */,
			);
			defaultConfigurationIsVisible = 0;
			defaultConfigurationName = Release;
		};
		8D9E1CB42A9DD66B007B7AE4 /* Build configuration list for PBXNativeTarget "TEFeatureTogglesExample" */ = {
			isa = XCConfigurationList;
			buildConfigurations = (
				8D9E1CB52A9DD66B007B7AE4 /* Debug */,
				8D9E1CB62A9DD66B007B7AE4 /* Release */,
			);
			defaultConfigurationIsVisible = 0;
			defaultConfigurationName = Release;
		};
/* End XCConfigurationList section */

/* Begin XCRemoteSwiftPackageReference section */
		8DEFFA362BD8E3890061077D /* XCRemoteSwiftPackageReference "FeatureTogglesSDK_iOS" */ = {
			isa = XCRemoteSwiftPackageReference;
			repositoryURL = "https://github.com/True-Engineering/FeatureTogglesSDK_iOS.git";
			requirement = {
				branch = main;
				kind = branch;
			};
		};
/* End XCRemoteSwiftPackageReference section */

/* Begin XCSwiftPackageProductDependency section */
		8DEFFA372BD8E3890061077D /* FeatureToggles */ = {
			isa = XCSwiftPackageProductDependency;
			package = 8DEFFA362BD8E3890061077D /* XCRemoteSwiftPackageReference "FeatureTogglesSDK_iOS" */;
			productName = FeatureToggles;
		};
/* End XCSwiftPackageProductDependency section */
	};
	rootObject = 8D9E1C9E2A9DD66A007B7AE4 /* Project object */;
}
