{
  "pins" : [
    {
      "identity" : "netshears",
      "kind" : "remoteSourceControl",
      "location" : "https://github.com/divar-ir/NetShears.git",
      "state" : {
        "revision" : "1e94006dea7eebbb3dc48c59ee97d470ea40b6a7",
        "version" : "3.5.1"
      }
    }
  ],
  "version" : 2
}
